
Microsoft Visual Studio Solution File, Format Version 12.00
# Visual Studio Version 17
VisualStudioVersion = 17.14.36518.9 d17.14
MinimumVisualStudioVersion = 10.0.40219.1
Project("{2150E333-8FDC-42A3-9474-1A3956D46DE8}") = "src", "src", "{02EA681E-C7D8-13C7-8484-4AC65E1B71E8}"
EndProject
Project("{2150E333-8FDC-42A3-9474-1A3956D46DE8}") = "API", "API", "{F5335546-0027-47F8-A6BA-E5F87C8C270B}"
EndProject
Project("{2150E333-8FDC-42A3-9474-1A3956D46DE8}") = "Core", "Core", "{6727BCA2-E8FB-4EA1-982D-931B2A8DF1FB}"
EndProject
Project("{2150E333-8FDC-42A3-9474-1A3956D46DE8}") = "Infraestructure", "Infraestructure", "{CDEF8C9A-ED26-4856-AE3F-D13FBE5F76F3}"
EndProject
Project("{2150E333-8FDC-42A3-9474-1A3956D46DE8}") = "Common", "Common", "{2FC1513D-D0BB-4942-995A-CBAFF8E8B499}"
EndProject
Project("{FAE04EC0-301F-11D3-BF4B-00C04F79EFBC}") = "472.Booking.API", "src\472.Booking.API\472.Booking.API.csproj", "{8EE4837A-55FC-4972-8D93-C0A886AAA688}"
EndProject
Project("{FAE04EC0-301F-11D3-BF4B-00C04F79EFBC}") = "472.Booking.Domain", "src\472.Booking.Domain\472.Booking.Domain.csproj", "{A5B082CC-1BA6-4804-9600-A2F70631C3B5}"
EndProject
Project("{FAE04EC0-301F-11D3-BF4B-00C04F79EFBC}") = "472.Booking.Application", "src\472.Booking.Application\472.Booking.Application.csproj", "{01A63B6D-2389-4FA4-B4F3-B364D0018162}"
EndProject
Project("{FAE04EC0-301F-11D3-BF4B-00C04F79EFBC}") = "472.Booking.Persistence", "src\472.Booking.Persistence\472.Booking.Persistence.csproj", "{1EC49837-F718-4087-90E0-19DC961D73CA}"
EndProject
Project("{FAE04EC0-301F-11D3-BF4B-00C04F79EFBC}") = "472.Booking.External", "src\472.Booking.External\472.Booking.External.csproj", "{F8A1B6AD-35C7-45E0-8325-A749C61D6DA1}"
EndProject
Project("{FAE04EC0-301F-11D3-BF4B-00C04F79EFBC}") = "472.Booking.Common", "src\472.Booking.Common\472.Booking.Common.csproj", "{45D17E47-C67E-4F2D-BE21-B4572AFBAFD8}"
EndProject
Global
	GlobalSection(SolutionConfigurationPlatforms) = preSolution
		Debug|Any CPU = Debug|Any CPU
		Release|Any CPU = Release|Any CPU
	EndGlobalSection
	GlobalSection(ProjectConfigurationPlatforms) = postSolution
		{8EE4837A-55FC-4972-8D93-C0A886AAA688}.Debug|Any CPU.ActiveCfg = Debug|Any CPU
		{8EE4837A-55FC-4972-8D93-C0A886AAA688}.Debug|Any CPU.Build.0 = Debug|Any CPU
		{8EE4837A-55FC-4972-8D93-C0A886AAA688}.Release|Any CPU.ActiveCfg = Release|Any CPU
		{8EE4837A-55FC-4972-8D93-C0A886AAA688}.Release|Any CPU.Build.0 = Release|Any CPU
		{A5B082CC-1BA6-4804-9600-A2F70631C3B5}.Debug|Any CPU.ActiveCfg = Debug|Any CPU
		{A5B082CC-1BA6-4804-9600-A2F70631C3B5}.Debug|Any CPU.Build.0 = Debug|Any CPU
		{A5B082CC-1BA6-4804-9600-A2F70631C3B5}.Release|Any CPU.ActiveCfg = Release|Any CPU
		{A5B082CC-1BA6-4804-9600-A2F70631C3B5}.Release|Any CPU.Build.0 = Release|Any CPU
		{01A63B6D-2389-4FA4-B4F3-B364D0018162}.Debug|Any CPU.ActiveCfg = Debug|Any CPU
		{01A63B6D-2389-4FA4-B4F3-B364D0018162}.Debug|Any CPU.Build.0 = Debug|Any CPU
		{01A63B6D-2389-4FA4-B4F3-B364D0018162}.Release|Any CPU.ActiveCfg = Release|Any CPU
		{01A63B6D-2389-4FA4-B4F3-B364D0018162}.Release|Any CPU.Build.0 = Release|Any CPU
		{1EC49837-F718-4087-90E0-19DC961D73CA}.Debug|Any CPU.ActiveCfg = Debug|Any CPU
		{1EC49837-F718-4087-90E0-19DC961D73CA}.Debug|Any CPU.Build.0 = Debug|Any CPU
		{1EC49837-F718-4087-90E0-19DC961D73CA}.Release|Any CPU.ActiveCfg = Release|Any CPU
		{1EC49837-F718-4087-90E0-19DC961D73CA}.Release|Any CPU.Build.0 = Release|Any CPU
		{F8A1B6AD-35C7-45E0-8325-A749C61D6DA1}.Debug|Any CPU.ActiveCfg = Debug|Any CPU
		{F8A1B6AD-35C7-45E0-8325-A749C61D6DA1}.Debug|Any CPU.Build.0 = Debug|Any CPU
		{F8A1B6AD-35C7-45E0-8325-A749C61D6DA1}.Release|Any CPU.ActiveCfg = Release|Any CPU
		{F8A1B6AD-35C7-45E0-8325-A749C61D6DA1}.Release|Any CPU.Build.0 = Release|Any CPU
		{45D17E47-C67E-4F2D-BE21-B4572AFBAFD8}.Debug|Any CPU.ActiveCfg = Debug|Any CPU
		{45D17E47-C67E-4F2D-BE21-B4572AFBAFD8}.Debug|Any CPU.Build.0 = Debug|Any CPU
		{45D17E47-C67E-4F2D-BE21-B4572AFBAFD8}.Release|Any CPU.ActiveCfg = Release|Any CPU
		{45D17E47-C67E-4F2D-BE21-B4572AFBAFD8}.Release|Any CPU.Build.0 = Release|Any CPU
	EndGlobalSection
	GlobalSection(SolutionProperties) = preSolution
		HideSolutionNode = FALSE
	EndGlobalSection
	GlobalSection(NestedProjects) = preSolution
		{F5335546-0027-47F8-A6BA-E5F87C8C270B} = {02EA681E-C7D8-13C7-8484-4AC65E1B71E8}
		{6727BCA2-E8FB-4EA1-982D-931B2A8DF1FB} = {02EA681E-C7D8-13C7-8484-4AC65E1B71E8}
		{CDEF8C9A-ED26-4856-AE3F-D13FBE5F76F3} = {02EA681E-C7D8-13C7-8484-4AC65E1B71E8}
		{2FC1513D-D0BB-4942-995A-CBAFF8E8B499} = {02EA681E-C7D8-13C7-8484-4AC65E1B71E8}
		{8EE4837A-55FC-4972-8D93-C0A886AAA688} = {F5335546-0027-47F8-A6BA-E5F87C8C270B}
		{A5B082CC-1BA6-4804-9600-A2F70631C3B5} = {6727BCA2-E8FB-4EA1-982D-931B2A8DF1FB}
		{01A63B6D-2389-4FA4-B4F3-B364D0018162} = {6727BCA2-E8FB-4EA1-982D-931B2A8DF1FB}
		{1EC49837-F718-4087-90E0-19DC961D73CA} = {CDEF8C9A-ED26-4856-AE3F-D13FBE5F76F3}
		{F8A1B6AD-35C7-45E0-8325-A749C61D6DA1} = {CDEF8C9A-ED26-4856-AE3F-D13FBE5F76F3}
		{45D17E47-C67E-4F2D-BE21-B4572AFBAFD8} = {2FC1513D-D0BB-4942-995A-CBAFF8E8B499}
	EndGlobalSection
	GlobalSection(ExtensibilityGlobals) = postSolution
		SolutionGuid = {A89807A7-386C-420E-B09A-DCA991A16112}
	EndGlobalSection
EndGlobal
